
Microsoft Visual Studio Solution File, Format Version 12.00
# Visual Studio Version 16
VisualStudioVersion = 16.0.31321.278
MinimumVisualStudioVersion = 10.0.40219.1
Project("{9A19103F-16F7-4668-BE54-9A1E7A4F7556}") = "DAL", "DAL\DAL.csproj", "{7838016B-F6B8-45B5-8D0B-1B34F72E5A2A}"
EndProject
Project("{9A19103F-16F7-4668-BE54-9A1E7A4F7556}") = "BLL", "BLL\BLL.csproj", "{1AED561C-6549-4FD9-81E6-E603A73B3A01}"
EndProject
Project("{9A19103F-16F7-4668-BE54-9A1E7A4F7556}") = "Entities", "Entities\Entities.csproj", "{468AD897-EB46-4059-B829-6FAC85D4F6B6}"
EndProject
Project("{9A19103F-16F7-4668-BE54-9A1E7A4F7556}") = "Anguar", "Anguar\Anguar.csproj", "{ED2A040C-1FE7-4049-A71E-2967ECD4763C}"
EndProject
Project("{FAE04EC0-301F-11D3-BF4B-00C04F79EFBC}") = "WebApplication2", "WebApplication2\WebApplication2.csproj", "{B676A354-CB69-44A0-938D-BEB22BCFDEBA}"
EndProject
Global
	GlobalSection(SolutionConfigurationPlatforms) = preSolution
		Debug|Any CPU = Debug|Any CPU
		Release|Any CPU = Release|Any CPU
	EndGlobalSection
	GlobalSection(ProjectConfigurationPlatforms) = postSolution
		{7838016B-F6B8-45B5-8D0B-1B34F72E5A2A}.Debug|Any CPU.ActiveCfg = Debug|Any CPU
		{7838016B-F6B8-45B5-8D0B-1B34F72E5A2A}.Debug|Any CPU.Build.0 = Debug|Any CPU
		{7838016B-F6B8-45B5-8D0B-1B34F72E5A2A}.Release|Any CPU.ActiveCfg = Release|Any CPU
		{7838016B-F6B8-45B5-8D0B-1B34F72E5A2A}.Release|Any CPU.Build.0 = Release|Any CPU
		{1AED561C-6549-4FD9-81E6-E603A73B3A01}.Debug|Any CPU.ActiveCfg = Debug|Any CPU
		{1AED561C-6549-4FD9-81E6-E603A73B3A01}.Debug|Any CPU.Build.0 = Debug|Any CPU
		{1AED561C-6549-4FD9-81E6-E603A73B3A01}.Release|Any CPU.ActiveCfg = Release|Any CPU
		{1AED561C-6549-4FD9-81E6-E603A73B3A01}.Release|Any CPU.Build.0 = Release|Any CPU
		{468AD897-EB46-4059-B829-6FAC85D4F6B6}.Debug|Any CPU.ActiveCfg = Debug|Any CPU
		{468AD897-EB46-4059-B829-6FAC85D4F6B6}.Debug|Any CPU.Build.0 = Debug|Any CPU
		{468AD897-EB46-4059-B829-6FAC85D4F6B6}.Release|Any CPU.ActiveCfg = Release|Any CPU
		{468AD897-EB46-4059-B829-6FAC85D4F6B6}.Release|Any CPU.Build.0 = Release|Any CPU
		{ED2A040C-1FE7-4049-A71E-2967ECD4763C}.Debug|Any CPU.ActiveCfg = Debug|Any CPU
		{ED2A040C-1FE7-4049-A71E-2967ECD4763C}.Debug|Any CPU.Build.0 = Debug|Any CPU
		{ED2A040C-1FE7-4049-A71E-2967ECD4763C}.Release|Any CPU.ActiveCfg = Release|Any CPU
		{ED2A040C-1FE7-4049-A71E-2967ECD4763C}.Release|Any CPU.Build.0 = Release|Any CPU
		{B676A354-CB69-44A0-938D-BEB22BCFDEBA}.Debug|Any CPU.ActiveCfg = Debug|Any CPU
		{B676A354-CB69-44A0-938D-BEB22BCFDEBA}.Debug|Any CPU.Build.0 = Debug|Any CPU
		{B676A354-CB69-44A0-938D-BEB22BCFDEBA}.Release|Any CPU.ActiveCfg = Release|Any CPU
		{B676A354-CB69-44A0-938D-BEB22BCFDEBA}.Release|Any CPU.Build.0 = Release|Any CPU
	EndGlobalSection
	GlobalSection(SolutionProperties) = preSolution
		HideSolutionNode = FALSE
	EndGlobalSection
	GlobalSection(ExtensibilityGlobals) = postSolution
		SolutionGuid = {3BAC64D3-CD23-4A59-8D80-D8797A41471C}
	EndGlobalSection
EndGlobal
